
Microsoft Visual Studio Solution File, Format Version 12.00
# Visual Studio 14
VisualStudioVersion = 14.0.25420.1
MinimumVisualStudioVersion = 10.0.40219.1
Project("{FAE04EC0-301F-11D3-BF4B-00C04F79EFBC}") = "Terminal", "Terminal\Terminal.csproj", "{C2A49FBA-4203-46B8-BEF9-2B0AB39559E3}"
EndProject
Project("{FAE04EC0-301F-11D3-BF4B-00C04F79EFBC}") = "Core", "Core\Core.csproj", "{D23147B2-B88F-47BA-98A4-8F2E8C492522}"
EndProject
Project("{FAE04EC0-301F-11D3-BF4B-00C04F79EFBC}") = "Core.Tests", "Core.Tests\Core.Tests.csproj", "{EB513A36-7F73-4A71-88F8-EC1DD2F09B19}"
EndProject
Global
	GlobalSection(SolutionConfigurationPlatforms) = preSolution
		Debug|Any CPU = Debug|Any CPU
		Debug|x64 = Debug|x64
		Debug|x86 = Debug|x86
		Release|Any CPU = Release|Any CPU
		Release|x64 = Release|x64
		Release|x86 = Release|x86
	EndGlobalSection
	GlobalSection(ProjectConfigurationPlatforms) = postSolution
		{C2A49FBA-4203-46B8-BEF9-2B0AB39559E3}.Debug|Any CPU.ActiveCfg = Debug|Any CPU
		{C2A49FBA-4203-46B8-BEF9-2B0AB39559E3}.Debug|Any CPU.Build.0 = Debug|Any CPU
		{C2A49FBA-4203-46B8-BEF9-2B0AB39559E3}.Debug|x64.ActiveCfg = Debug|Any CPU
		{C2A49FBA-4203-46B8-BEF9-2B0AB39559E3}.Debug|x64.Build.0 = Debug|Any CPU
		{C2A49FBA-4203-46B8-BEF9-2B0AB39559E3}.Debug|x86.ActiveCfg = Debug|Any CPU
		{C2A49FBA-4203-46B8-BEF9-2B0AB39559E3}.Debug|x86.Build.0 = Debug|Any CPU
		{C2A49FBA-4203-46B8-BEF9-2B0AB39559E3}.Release|Any CPU.ActiveCfg = Release|Any CPU
		{C2A49FBA-4203-46B8-BEF9-2B0AB39559E3}.Release|Any CPU.Build.0 = Release|Any CPU
		{C2A49FBA-4203-46B8-BEF9-2B0AB39559E3}.Release|x64.ActiveCfg = Release|Any CPU
		{C2A49FBA-4203-46B8-BEF9-2B0AB39559E3}.Release|x64.Build.0 = Release|Any CPU
		{C2A49FBA-4203-46B8-BEF9-2B0AB39559E3}.Release|x86.ActiveCfg = Release|Any CPU
		{C2A49FBA-4203-46B8-BEF9-2B0AB39559E3}.Release|x86.Build.0 = Release|Any CPU
		{D23147B2-B88F-47BA-98A4-8F2E8C492522}.Debug|Any CPU.ActiveCfg = Debug|Any CPU
		{D23147B2-B88F-47BA-98A4-8F2E8C492522}.Debug|Any CPU.Build.0 = Debug|Any CPU
		{D23147B2-B88F-47BA-98A4-8F2E8C492522}.Debug|x64.ActiveCfg = Debug|Any CPU
		{D23147B2-B88F-47BA-98A4-8F2E8C492522}.Debug|x64.Build.0 = Debug|Any CPU
		{D23147B2-B88F-47BA-98A4-8F2E8C492522}.Debug|x86.ActiveCfg = Debug|Any CPU
		{D23147B2-B88F-47BA-98A4-8F2E8C492522}.Debug|x86.Build.0 = Debug|Any CPU
		{D23147B2-B88F-47BA-98A4-8F2E8C492522}.Release|Any CPU.ActiveCfg = Release|Any CPU
		{D23147B2-B88F-47BA-98A4-8F2E8C492522}.Release|Any CPU.Build.0 = Release|Any CPU
		{D23147B2-B88F-47BA-98A4-8F2E8C492522}.Release|x64.ActiveCfg = Release|Any CPU
		{D23147B2-B88F-47BA-98A4-8F2E8C492522}.Release|x64.Build.0 = Release|Any CPU
		{D23147B2-B88F-47BA-98A4-8F2E8C492522}.Release|x86.ActiveCfg = Release|Any CPU
		{D23147B2-B88F-47BA-98A4-8F2E8C492522}.Release|x86.Build.0 = Release|Any CPU
		{EB513A36-7F73-4A71-88F8-EC1DD2F09B19}.Debug|Any CPU.ActiveCfg = Debug|Any CPU
		{EB513A36-7F73-4A71-88F8-EC1DD2F09B19}.Debug|Any CPU.Build.0 = Debug|Any CPU
		{EB513A36-7F73-4A71-88F8-EC1DD2F09B19}.Debug|x64.ActiveCfg = Debug|Any CPU
		{EB513A36-7F73-4A71-88F8-EC1DD2F09B19}.Debug|x64.Build.0 = Debug|Any CPU
		{EB513A36-7F73-4A71-88F8-EC1DD2F09B19}.Debug|x86.ActiveCfg = Debug|Any CPU
		{EB513A36-7F73-4A71-88F8-EC1DD2F09B19}.Debug|x86.Build.0 = Debug|Any CPU
		{EB513A36-7F73-4A71-88F8-EC1DD2F09B19}.Release|Any CPU.ActiveCfg = Release|Any CPU
		{EB513A36-7F73-4A71-88F8-EC1DD2F09B19}.Release|Any CPU.Build.0 = Release|Any CPU
		{EB513A36-7F73-4A71-88F8-EC1DD2F09B19}.Release|x64.ActiveCfg = Release|Any CPU
		{EB513A36-7F73-4A71-88F8-EC1DD2F09B19}.Release|x64.Build.0 = Release|Any CPU
		{EB513A36-7F73-4A71-88F8-EC1DD2F09B19}.Release|x86.ActiveCfg = Release|Any CPU
		{EB513A36-7F73-4A71-88F8-EC1DD2F09B19}.Release|x86.Build.0 = Release|Any CPU
	EndGlobalSection
	GlobalSection(SolutionProperties) = preSolution
		HideSolutionNode = FALSE
	EndGlobalSection
EndGlobal
